
Microsoft Visual Studio Solution File, Format Version 12.00
# Visual Studio Version 17
VisualStudioVersion = 17.6.33815.320
MinimumVisualStudioVersion = 10.0.40219.1
Project("{FAE04EC0-301F-11D3-BF4B-00C04F79EFBC}") = "ReadOnlyProperties", "ReadOnlyProperties.csproj", "{8DA59F07-F4DA-46A3-911E-3D5669D6EC8C}"
EndProject
Global
	GlobalSection(SolutionConfigurationPlatforms) = preSolution
		Debug|Any CPU = Debug|Any CPU
		Release|Any CPU = Release|Any CPU
	EndGlobalSection
	GlobalSection(ProjectConfigurationPlatforms) = postSolution
		{8DA59F07-F4DA-46A3-911E-3D5669D6EC8C}.Debug|Any CPU.ActiveCfg = Debug|Any CPU
		{8DA59F07-F4DA-46A3-911E-3D5669D6EC8C}.Debug|Any CPU.Build.0 = Debug|Any CPU
		{8DA59F07-F4DA-46A3-911E-3D5669D6EC8C}.Release|Any CPU.ActiveCfg = Release|Any CPU
		{8DA59F07-F4DA-46A3-911E-3D5669D6EC8C}.Release|Any CPU.Build.0 = Release|Any CPU
	EndGlobalSection
	GlobalSection(SolutionProperties) = preSolution
		HideSolutionNode = FALSE
	EndGlobalSection
	GlobalSection(ExtensibilityGlobals) = postSolution
		SolutionGuid = {64ADFB5F-71D5-428A-9840-9305FB9C3B2D}
	EndGlobalSection
EndGlobal
