
Microsoft Visual Studio Solution File, Format Version 12.00
# Visual Studio Version 17
VisualStudioVersion = 17.6.33815.320
MinimumVisualStudioVersion = 10.0.40219.1
Project("{FAE04EC0-301F-11D3-BF4B-00C04F79EFBC}") = "Interface", "Interface.csproj", "{7DD75CC4-7CDD-4D5B-938D-5366A2B1073B}"
EndProject
Global
	GlobalSection(SolutionConfigurationPlatforms) = preSolution
		Debug|Any CPU = Debug|Any CPU
		Release|Any CPU = Release|Any CPU
	EndGlobalSection
	GlobalSection(ProjectConfigurationPlatforms) = postSolution
		{7DD75CC4-7CDD-4D5B-938D-5366A2B1073B}.Debug|Any CPU.ActiveCfg = Debug|Any CPU
		{7DD75CC4-7CDD-4D5B-938D-5366A2B1073B}.Debug|Any CPU.Build.0 = Debug|Any CPU
		{7DD75CC4-7CDD-4D5B-938D-5366A2B1073B}.Release|Any CPU.ActiveCfg = Release|Any CPU
		{7DD75CC4-7CDD-4D5B-938D-5366A2B1073B}.Release|Any CPU.Build.0 = Release|Any CPU
	EndGlobalSection
	GlobalSection(SolutionProperties) = preSolution
		HideSolutionNode = FALSE
	EndGlobalSection
	GlobalSection(ExtensibilityGlobals) = postSolution
		SolutionGuid = {C9E3DE27-0D73-4E07-897E-DE0EAB56C763}
	EndGlobalSection
EndGlobal
