
Microsoft Visual Studio Solution File, Format Version 12.00
# Visual Studio Version 17
VisualStudioVersion = 17.6.33815.320
MinimumVisualStudioVersion = 10.0.40219.1
Project("{FAE04EC0-301F-11D3-BF4B-00C04F79EFBC}") = "MultipleConstructorsUsingOverloading", "MultipleConstructorsUsingOverloading.csproj", "{9A69AE4B-479A-494F-8239-F652F114E030}"
EndProject
Global
	GlobalSection(SolutionConfigurationPlatforms) = preSolution
		Debug|Any CPU = Debug|Any CPU
		Release|Any CPU = Release|Any CPU
	EndGlobalSection
	GlobalSection(ProjectConfigurationPlatforms) = postSolution
		{9A69AE4B-479A-494F-8239-F652F114E030}.Debug|Any CPU.ActiveCfg = Debug|Any CPU
		{9A69AE4B-479A-494F-8239-F652F114E030}.Debug|Any CPU.Build.0 = Debug|Any CPU
		{9A69AE4B-479A-494F-8239-F652F114E030}.Release|Any CPU.ActiveCfg = Release|Any CPU
		{9A69AE4B-479A-494F-8239-F652F114E030}.Release|Any CPU.Build.0 = Release|Any CPU
	EndGlobalSection
	GlobalSection(SolutionProperties) = preSolution
		HideSolutionNode = FALSE
	EndGlobalSection
	GlobalSection(ExtensibilityGlobals) = postSolution
		SolutionGuid = {90326B9E-5383-4F73-A1BA-393B7AFD0EDE}
	EndGlobalSection
EndGlobal
