
Microsoft Visual Studio Solution File, Format Version 12.00
# Visual Studio Version 17
VisualStudioVersion = 17.6.33815.320
MinimumVisualStudioVersion = 10.0.40219.1
Project("{FAE04EC0-301F-11D3-BF4B-00C04F79EFBC}") = "AutoImplementedProperties", "AutoImplementedProperties.csproj", "{A635263C-AA1A-4C44-B0CF-D10B52E14621}"
EndProject
Global
	GlobalSection(SolutionConfigurationPlatforms) = preSolution
		Debug|Any CPU = Debug|Any CPU
		Release|Any CPU = Release|Any CPU
	EndGlobalSection
	GlobalSection(ProjectConfigurationPlatforms) = postSolution
		{A635263C-AA1A-4C44-B0CF-D10B52E14621}.Debug|Any CPU.ActiveCfg = Debug|Any CPU
		{A635263C-AA1A-4C44-B0CF-D10B52E14621}.Debug|Any CPU.Build.0 = Debug|Any CPU
		{A635263C-AA1A-4C44-B0CF-D10B52E14621}.Release|Any CPU.ActiveCfg = Release|Any CPU
		{A635263C-AA1A-4C44-B0CF-D10B52E14621}.Release|Any CPU.Build.0 = Release|Any CPU
	EndGlobalSection
	GlobalSection(SolutionProperties) = preSolution
		HideSolutionNode = FALSE
	EndGlobalSection
	GlobalSection(ExtensibilityGlobals) = postSolution
		SolutionGuid = {0958BE79-FCD7-416C-8D6B-57C079911B72}
	EndGlobalSection
EndGlobal
