
Microsoft Visual Studio Solution File, Format Version 12.00
# Visual Studio Version 17
VisualStudioVersion = 17.6.33815.320
MinimumVisualStudioVersion = 10.0.40219.1
Project("{FAE04EC0-301F-11D3-BF4B-00C04F79EFBC}") = "DefaultConstructor", "DefaultConstructor.csproj", "{23CD01F3-AC2F-43C5-B251-18225C9FB72C}"
EndProject
Global
	GlobalSection(SolutionConfigurationPlatforms) = preSolution
		Debug|Any CPU = Debug|Any CPU
		Release|Any CPU = Release|Any CPU
	EndGlobalSection
	GlobalSection(ProjectConfigurationPlatforms) = postSolution
		{23CD01F3-AC2F-43C5-B251-18225C9FB72C}.Debug|Any CPU.ActiveCfg = Debug|Any CPU
		{23CD01F3-AC2F-43C5-B251-18225C9FB72C}.Debug|Any CPU.Build.0 = Debug|Any CPU
		{23CD01F3-AC2F-43C5-B251-18225C9FB72C}.Release|Any CPU.ActiveCfg = Release|Any CPU
		{23CD01F3-AC2F-43C5-B251-18225C9FB72C}.Release|Any CPU.Build.0 = Release|Any CPU
	EndGlobalSection
	GlobalSection(SolutionProperties) = preSolution
		HideSolutionNode = FALSE
	EndGlobalSection
	GlobalSection(ExtensibilityGlobals) = postSolution
		SolutionGuid = {73C7199E-6039-473C-8636-6C2B75A48AE9}
	EndGlobalSection
EndGlobal
