
Microsoft Visual Studio Solution File, Format Version 12.00
# Visual Studio Version 17
VisualStudioVersion = 17.6.33815.320
MinimumVisualStudioVersion = 10.0.40219.1
Project("{FAE04EC0-301F-11D3-BF4B-00C04F79EFBC}") = "MultipleInterfaces", "MultipleInterfaces.csproj", "{37FD70DA-09A2-4CC4-A368-A119C18154CE}"
EndProject
Global
	GlobalSection(SolutionConfigurationPlatforms) = preSolution
		Debug|Any CPU = Debug|Any CPU
		Release|Any CPU = Release|Any CPU
	EndGlobalSection
	GlobalSection(ProjectConfigurationPlatforms) = postSolution
		{37FD70DA-09A2-4CC4-A368-A119C18154CE}.Debug|Any CPU.ActiveCfg = Debug|Any CPU
		{37FD70DA-09A2-4CC4-A368-A119C18154CE}.Debug|Any CPU.Build.0 = Debug|Any CPU
		{37FD70DA-09A2-4CC4-A368-A119C18154CE}.Release|Any CPU.ActiveCfg = Release|Any CPU
		{37FD70DA-09A2-4CC4-A368-A119C18154CE}.Release|Any CPU.Build.0 = Release|Any CPU
	EndGlobalSection
	GlobalSection(SolutionProperties) = preSolution
		HideSolutionNode = FALSE
	EndGlobalSection
	GlobalSection(ExtensibilityGlobals) = postSolution
		SolutionGuid = {8A593B5C-5B26-42E0-BE7B-7387ADB67F36}
	EndGlobalSection
EndGlobal
